
Microsoft Visual Studio Solution File, Format Version 12.00
# Visual Studio 15
VisualStudioVersion = 15.0.27130.2036
MinimumVisualStudioVersion = 10.0.40219.1
Project("{FAE04EC0-301F-11D3-BF4B-00C04F79EFBC}") = "SharedKnowledgeAPI", "SharedKnowledgeAPI\SharedKnowledgeAPI.csproj", "{EFA5D65C-91B7-4E27-B6BC-3B5AD1F8DD39}"
EndProject
Global
	GlobalSection(SolutionConfigurationPlatforms) = preSolution
		Debug|Any CPU = Debug|Any CPU
		Release|Any CPU = Release|Any CPU
	EndGlobalSection
	GlobalSection(ProjectConfigurationPlatforms) = postSolution
		{EFA5D65C-91B7-4E27-B6BC-3B5AD1F8DD39}.Debug|Any CPU.ActiveCfg = Debug|Any CPU
		{EFA5D65C-91B7-4E27-B6BC-3B5AD1F8DD39}.Debug|Any CPU.Build.0 = Debug|Any CPU
		{EFA5D65C-91B7-4E27-B6BC-3B5AD1F8DD39}.Release|Any CPU.ActiveCfg = Release|Any CPU
		{EFA5D65C-91B7-4E27-B6BC-3B5AD1F8DD39}.Release|Any CPU.Build.0 = Release|Any CPU
	EndGlobalSection
	GlobalSection(SolutionProperties) = preSolution
		HideSolutionNode = FALSE
	EndGlobalSection
	GlobalSection(ExtensibilityGlobals) = postSolution
		SolutionGuid = {55440245-62A7-402C-B6D9-419326984B73}
	EndGlobalSection
EndGlobal
